# THIS IS AN AUTOGENERATED FILE. DO NOT EDIT THIS FILE DIRECTLY.
# yarn lockfile v1


total4@^0.0.79:
  version "0.0.79"
  resolved "https://registry.yarnpkg.com/total4/-/total4-0.0.79.tgz#fb593cda68c3dcff727df300cdb10acb082d21e9"
  integrity sha512-QlqgqKuDsU72eJCwwvJfeWZqLp7Cs1WqLUqLHP7V7jpQ7UbZP0eAscN3SSDrYCc9rv6r9dGFPSM/bmU9az8ydA==
